
Microsoft Visual Studio Solution File, Format Version 12.00
# Visual Studio Version 17
VisualStudioVersion = 17.10.34916.146
MinimumVisualStudioVersion = 10.0.40219.1
Project("{9A19103F-16F7-4668-BE54-9A1E7A4F7556}") = "FitTrack.Auth", "src\FitTrack.Auth\FitTrack.Auth.csproj", "{269C7559-B1E0-47DB-A4A3-69C0F777A6E0}"
EndProject
Project("{9A19103F-16F7-4668-BE54-9A1E7A4F7556}") = "FitTrack.UserProfiles", "src\FitTrack.UserProfiles\FitTrack.UserProfiles.csproj", "{E8088F47-D3F3-4A04-B4A3-C2F85A687325}"
EndProject
Project("{9A19103F-16F7-4668-BE54-9A1E7A4F7556}") = "FitTrack.Workout", "src\FitTrack.Workout\FitTrack.Workout.csproj", "{568DDDCC-EF2F-4F2B-B990-27C7C51836D0}"
EndProject
Project("{FAE04EC0-301F-11D3-BF4B-00C04F79EFBC}") = "FitTrack.Tracking", "src\FitTrack.Tracking\FitTrack.Tracking.csproj", "{DF1FF76E-3B35-4BE9-A563-F076D564E167}"
EndProject
Global
	GlobalSection(SolutionConfigurationPlatforms) = preSolution
		Debug|Any CPU = Debug|Any CPU
		Release|Any CPU = Release|Any CPU
	EndGlobalSection
	GlobalSection(ProjectConfigurationPlatforms) = postSolution
		{269C7559-B1E0-47DB-A4A3-69C0F777A6E0}.Debug|Any CPU.ActiveCfg = Debug|Any CPU
		{269C7559-B1E0-47DB-A4A3-69C0F777A6E0}.Debug|Any CPU.Build.0 = Debug|Any CPU
		{269C7559-B1E0-47DB-A4A3-69C0F777A6E0}.Release|Any CPU.ActiveCfg = Release|Any CPU
		{269C7559-B1E0-47DB-A4A3-69C0F777A6E0}.Release|Any CPU.Build.0 = Release|Any CPU
		{E8088F47-D3F3-4A04-B4A3-C2F85A687325}.Debug|Any CPU.ActiveCfg = Debug|Any CPU
		{E8088F47-D3F3-4A04-B4A3-C2F85A687325}.Debug|Any CPU.Build.0 = Debug|Any CPU
		{E8088F47-D3F3-4A04-B4A3-C2F85A687325}.Release|Any CPU.ActiveCfg = Release|Any CPU
		{E8088F47-D3F3-4A04-B4A3-C2F85A687325}.Release|Any CPU.Build.0 = Release|Any CPU
		{568DDDCC-EF2F-4F2B-B990-27C7C51836D0}.Debug|Any CPU.ActiveCfg = Debug|Any CPU
		{568DDDCC-EF2F-4F2B-B990-27C7C51836D0}.Debug|Any CPU.Build.0 = Debug|Any CPU
		{568DDDCC-EF2F-4F2B-B990-27C7C51836D0}.Release|Any CPU.ActiveCfg = Release|Any CPU
		{568DDDCC-EF2F-4F2B-B990-27C7C51836D0}.Release|Any CPU.Build.0 = Release|Any CPU
		{DF1FF76E-3B35-4BE9-A563-F076D564E167}.Debug|Any CPU.ActiveCfg = Debug|Any CPU
		{DF1FF76E-3B35-4BE9-A563-F076D564E167}.Debug|Any CPU.Build.0 = Debug|Any CPU
		{DF1FF76E-3B35-4BE9-A563-F076D564E167}.Release|Any CPU.ActiveCfg = Release|Any CPU
		{DF1FF76E-3B35-4BE9-A563-F076D564E167}.Release|Any CPU.Build.0 = Release|Any CPU
	EndGlobalSection
	GlobalSection(SolutionProperties) = preSolution
		HideSolutionNode = FALSE
	EndGlobalSection
	GlobalSection(ExtensibilityGlobals) = postSolution
		SolutionGuid = {27A612A8-3E50-492E-895F-24A7D57D041D}
	EndGlobalSection
EndGlobal
